
Microsoft Visual Studio Solution File, Format Version 12.00
# Visual Studio Version 16
VisualStudioVersion = 16.0.31321.278
MinimumVisualStudioVersion = 10.0.40219.1
Project("{9A19103F-16F7-4668-BE54-9A1E7A4F7556}") = "CicekSepeti.WebApi", "CicekSepeti.WebApi\CicekSepeti.WebApi.csproj", "{698BE320-A131-42F5-B745-D3FE152704DD}"
EndProject
Project("{9A19103F-16F7-4668-BE54-9A1E7A4F7556}") = "CicekSepeti.Core", "CicekSepeti.Core\CicekSepeti.Core.csproj", "{F9D828C8-6C42-44E6-9B60-204BF879B96A}"
EndProject
Project("{9A19103F-16F7-4668-BE54-9A1E7A4F7556}") = "CicekSepeti.Data", "CicekSepeti.Data\CicekSepeti.Data.csproj", "{51FD7470-34BD-498F-8ABB-DECB7F8E327E}"
EndProject
Project("{9A19103F-16F7-4668-BE54-9A1E7A4F7556}") = "CicekSepeti.Business", "CicekSepeti.Business\CicekSepeti.Business.csproj", "{EFEE76FE-423F-4D30-BDB8-5DFF1D904BD8}"
EndProject
Project("{2150E333-8FDC-42A3-9474-1A3956D46DE8}") = "CicekSepeti.WebApiDOC", "CicekSepeti.WebApiDOC", "{01F0ABBE-4F68-4E3E-8BE3-D5396B936195}"
	ProjectSection(SolutionItems) = preProject
		CicekSepeti.WebApiDOC.txt = CicekSepeti.WebApiDOC.txt
	EndProjectSection
EndProject
Global
	GlobalSection(SolutionConfigurationPlatforms) = preSolution
		Debug|Any CPU = Debug|Any CPU
		Release|Any CPU = Release|Any CPU
	EndGlobalSection
	GlobalSection(ProjectConfigurationPlatforms) = postSolution
		{698BE320-A131-42F5-B745-D3FE152704DD}.Debug|Any CPU.ActiveCfg = Debug|Any CPU
		{698BE320-A131-42F5-B745-D3FE152704DD}.Debug|Any CPU.Build.0 = Debug|Any CPU
		{698BE320-A131-42F5-B745-D3FE152704DD}.Release|Any CPU.ActiveCfg = Release|Any CPU
		{698BE320-A131-42F5-B745-D3FE152704DD}.Release|Any CPU.Build.0 = Release|Any CPU
		{F9D828C8-6C42-44E6-9B60-204BF879B96A}.Debug|Any CPU.ActiveCfg = Debug|Any CPU
		{F9D828C8-6C42-44E6-9B60-204BF879B96A}.Debug|Any CPU.Build.0 = Debug|Any CPU
		{F9D828C8-6C42-44E6-9B60-204BF879B96A}.Release|Any CPU.ActiveCfg = Release|Any CPU
		{F9D828C8-6C42-44E6-9B60-204BF879B96A}.Release|Any CPU.Build.0 = Release|Any CPU
		{51FD7470-34BD-498F-8ABB-DECB7F8E327E}.Debug|Any CPU.ActiveCfg = Debug|Any CPU
		{51FD7470-34BD-498F-8ABB-DECB7F8E327E}.Debug|Any CPU.Build.0 = Debug|Any CPU
		{51FD7470-34BD-498F-8ABB-DECB7F8E327E}.Release|Any CPU.ActiveCfg = Release|Any CPU
		{51FD7470-34BD-498F-8ABB-DECB7F8E327E}.Release|Any CPU.Build.0 = Release|Any CPU
		{EFEE76FE-423F-4D30-BDB8-5DFF1D904BD8}.Debug|Any CPU.ActiveCfg = Debug|Any CPU
		{EFEE76FE-423F-4D30-BDB8-5DFF1D904BD8}.Debug|Any CPU.Build.0 = Debug|Any CPU
		{EFEE76FE-423F-4D30-BDB8-5DFF1D904BD8}.Release|Any CPU.ActiveCfg = Release|Any CPU
		{EFEE76FE-423F-4D30-BDB8-5DFF1D904BD8}.Release|Any CPU.Build.0 = Release|Any CPU
	EndGlobalSection
	GlobalSection(SolutionProperties) = preSolution
		HideSolutionNode = FALSE
	EndGlobalSection
	GlobalSection(ExtensibilityGlobals) = postSolution
		SolutionGuid = {DDF1923A-7790-4558-AD3E-F4EDAD0854CC}
	EndGlobalSection
EndGlobal
